
Microsoft Visual Studio Solution File, Format Version 12.00
# Visual Studio Version 17
VisualStudioVersion = 17.3.32929.385
MinimumVisualStudioVersion = 10.0.40219.1
Project("{9A19103F-16F7-4668-BE54-9A1E7A4F7556}") = "ConsoleApp2", "ConsoleApp2\ConsoleApp2.csproj", "{BF812759-CD3D-4B50-8CC3-E934E88B220A}"
EndProject
Project("{9A19103F-16F7-4668-BE54-9A1E7A4F7556}") = "PdfLibrary", "PdfLibrary\PdfLibrary.csproj", "{788876A9-0345-4A06-A189-58C922A84B87}"
EndProject
Global
	GlobalSection(SolutionConfigurationPlatforms) = preSolution
		Debug|Any CPU = Debug|Any CPU
		Release|Any CPU = Release|Any CPU
	EndGlobalSection
	GlobalSection(ProjectConfigurationPlatforms) = postSolution
		{BF812759-CD3D-4B50-8CC3-E934E88B220A}.Debug|Any CPU.ActiveCfg = Debug|Any CPU
		{BF812759-CD3D-4B50-8CC3-E934E88B220A}.Debug|Any CPU.Build.0 = Debug|Any CPU
		{BF812759-CD3D-4B50-8CC3-E934E88B220A}.Release|Any CPU.ActiveCfg = Release|Any CPU
		{BF812759-CD3D-4B50-8CC3-E934E88B220A}.Release|Any CPU.Build.0 = Release|Any CPU
		{788876A9-0345-4A06-A189-58C922A84B87}.Debug|Any CPU.ActiveCfg = Debug|Any CPU
		{788876A9-0345-4A06-A189-58C922A84B87}.Debug|Any CPU.Build.0 = Debug|Any CPU
		{788876A9-0345-4A06-A189-58C922A84B87}.Release|Any CPU.ActiveCfg = Release|Any CPU
		{788876A9-0345-4A06-A189-58C922A84B87}.Release|Any CPU.Build.0 = Release|Any CPU
	EndGlobalSection
	GlobalSection(SolutionProperties) = preSolution
		HideSolutionNode = FALSE
	EndGlobalSection
	GlobalSection(ExtensibilityGlobals) = postSolution
		SolutionGuid = {9171BE1D-2007-4D8A-9FBF-0986FF6FB1FA}
	EndGlobalSection
EndGlobal
